{
  "object": {
    "pins": [
      {
        "package": "Tracking",
        "repositoryURL": "https://github.com/kkla320/Tracking",
        "state": {
          "branch": null,
          "revision": "947ce7f20a733eeab1f221ddb29b6bf21c984d5b",
          "version": "0.5.0"
        }
      }
    ]
  },
  "version": 1
}
